
Microsoft Visual Studio Solution File, Format Version 12.00
# Visual Studio Version 17
VisualStudioVersion = 17.5.002.0
MinimumVisualStudioVersion = 10.0.40219.1
Project("{9A19103F-16F7-4668-BE54-9A1E7A4F7556}") = "FrontendMusicShark", "FrontendMusicShark.csproj", "{74592469-74DF-4BFD-9A00-8D6668B6C34B}"
EndProject
Global
	GlobalSection(SolutionConfigurationPlatforms) = preSolution
		Debug|Any CPU = Debug|Any CPU
		Release|Any CPU = Release|Any CPU
	EndGlobalSection
	GlobalSection(ProjectConfigurationPlatforms) = postSolution
		{74592469-74DF-4BFD-9A00-8D6668B6C34B}.Debug|Any CPU.ActiveCfg = Debug|Any CPU
		{74592469-74DF-4BFD-9A00-8D6668B6C34B}.Debug|Any CPU.Build.0 = Debug|Any CPU
		{74592469-74DF-4BFD-9A00-8D6668B6C34B}.Release|Any CPU.ActiveCfg = Release|Any CPU
		{74592469-74DF-4BFD-9A00-8D6668B6C34B}.Release|Any CPU.Build.0 = Release|Any CPU
	EndGlobalSection
	GlobalSection(SolutionProperties) = preSolution
		HideSolutionNode = FALSE
	EndGlobalSection
	GlobalSection(ExtensibilityGlobals) = postSolution
		SolutionGuid = {33555490-7650-45A3-B8D7-F36C6F671FBC}
	EndGlobalSection
EndGlobal
